<?xml version="1.0" encoding="utf-8"?>
<Project ToolsVersion="4.0" xmlns="http://schemas.microsoft.com/developer/msbuild/2003">
  <ItemGroup>
    <Filter Include="Source Files">
      <UniqueIdentifier>{4FC737F1-C7A5-4376-A066-2A32D752A2FF}</UniqueIdentifier>
      <Extensions>cpp;c;cc;cxx;c++;cppm;ixx;def;odl;idl;hpj;bat;asm;asmx</Extensions>
    </Filter>
    <Filter Include="Header Files">
      <UniqueIdentifier>{93995380-89BD-4b04-88EB-625FBE52EBFB}</UniqueIdentifier>
      <Extensions>h;hh;hpp;hxx;h++;hm;inl;inc;ipp;xsd</Extensions>
    </Filter>
    <Filter Include="Header Files\Types">
      <UniqueIdentifier>{278ba484-ecba-4dee-aa6d-824ef2b48729}</UniqueIdentifier>
    </Filter>
    <Filter Include="Header Files\Scene">
      <UniqueIdentifier>{f6407efa-1826-48a0-81ac-6bdcab9af404}</UniqueIdentifier>
    </Filter>
    <Filter Include="Header Files\Geometry">
      <UniqueIdentifier>{c1bc56a9-8175-4f47-88bb-34df4012cd86}</UniqueIdentifier>
    </Filter>
    <Filter Include="Source Files\Types">
      <UniqueIdentifier>{0a55457e-e03a-4061-8ea5-10fc796a944b}</UniqueIdentifier>
    </Filter>
    <Filter Include="Source Files\Scene">
      <UniqueIdentifier>{8811d404-0aab-42a7-b6e5-ee5f97927db7}</UniqueIdentifier>
    </Filter>
    <Filter Include="Source Files\Geometry">
      <UniqueIdentifier>{bed4b1a1-b501-42a9-a299-74d27de81d0e}</UniqueIdentifier>
    </Filter>
  </ItemGroup>
  <ItemGroup>
    <ClCompile Include="Geometry\Circle.cpp">
      <Filter>Source Files\Geometry</Filter>
    </ClCompile>
    <ClCompile Include="Geometry\Hit.cpp">
      <Filter>Source Files\Geometry</Filter>
    </ClCompile>
    <ClCompile Include="Geometry\Rect.cpp">
      <Filter>Source Files\Geometry</Filter>
    </ClCompile>
    <ClCompile Include="Scene\SceneObject.cpp">
      <Filter>Source Files\Scene</Filter>
    </ClCompile>
    <ClCompile Include="Scene\SpriteObject.cpp">
      <Filter>Source Files\Scene</Filter>
    </ClCompile>
    <ClCompile Include="Types\Color.cpp">
      <Filter>Source Files\Types</Filter>
    </ClCompile>
    <ClCompile Include="Types\Mat3.cpp">
      <Filter>Source Files\Types</Filter>
    </ClCompile>
    <ClCompile Include="Types\Mat4.cpp">
      <Filter>Source Files\Types</Filter>
    </ClCompile>
    <ClCompile Include="Types\Vec2.cpp">
      <Filter>Source Files\Types</Filter>
    </ClCompile>
    <ClCompile Include="Types\Vec3.cpp">
      <Filter>Source Files\Types</Filter>
    </ClCompile>
    <ClCompile Include="Types\Vec4.cpp">
      <Filter>Source Files\Types</Filter>
    </ClCompile>
    <ClCompile Include="MathFunctions.cpp">
      <Filter>Source Files</Filter>
    </ClCompile>
    <ClCompile Include="Matrix3Renderer.cpp">
      <Filter>Source Files</Filter>
    </ClCompile>
  </ItemGroup>
  <ItemGroup>
    <ClInclude Include="..\Dependencies\include\MathLib\Geometry\Circle.h">
      <Filter>Header Files\Geometry</Filter>
    </ClInclude>
    <ClInclude Include="..\Dependencies\include\MathLib\Geometry\Hit.h">
      <Filter>Header Files\Geometry</Filter>
    </ClInclude>
    <ClInclude Include="..\Dependencies\include\MathLib\Geometry\Rect.h">
      <Filter>Header Files\Geometry</Filter>
    </ClInclude>
    <ClInclude Include="..\Dependencies\include\MathLib\Scene\SceneObject.h">
      <Filter>Header Files\Scene</Filter>
    </ClInclude>
    <ClInclude Include="..\Dependencies\include\MathLib\Scene\SpriteObject.h">
      <Filter>Header Files\Scene</Filter>
    </ClInclude>
    <ClInclude Include="..\Dependencies\include\MathLib\Types\Color.h">
      <Filter>Header Files\Types</Filter>
    </ClInclude>
    <ClInclude Include="..\Dependencies\include\MathLib\Types\Mat3.h">
      <Filter>Header Files\Types</Filter>
    </ClInclude>
    <ClInclude Include="..\Dependencies\include\MathLib\Types\Mat4.h">
      <Filter>Header Files\Types</Filter>
    </ClInclude>
    <ClInclude Include="..\Dependencies\include\MathLib\Types\Vec2.h">
      <Filter>Header Files\Types</Filter>
    </ClInclude>
    <ClInclude Include="..\Dependencies\include\MathLib\Types\Vec3.h">
      <Filter>Header Files\Types</Filter>
    </ClInclude>
    <ClInclude Include="..\Dependencies\include\MathLib\Types\Vec4.h">
      <Filter>Header Files\Types</Filter>
    </ClInclude>
    <ClInclude Include="..\Dependencies\include\MathLib\MathFunctions.h">
      <Filter>Header Files</Filter>
    </ClInclude>
    <ClInclude Include="..\Dependencies\include\MathLib\Matrix3Renderer.h">
      <Filter>Header Files</Filter>
    </ClInclude>
  </ItemGroup>
</Project>