
Microsoft Visual Studio Solution File, Format Version 12.00
# Visual Studio Version 17
VisualStudioVersion = 17.12.35514.174
MinimumVisualStudioVersion = 10.0.40219.1
Project("{8BC9CEB8-8B4A-11D0-8D11-00A0C91BC942}") = "Intro to Programming P1", "Intro to Programming P1\Intro to Programming P1.vcxproj", "{A44C0CB5-A4C4-42A1-9319-E2063FCC25D8}"
EndProject
Project("{8BC9CEB8-8B4A-11D0-8D11-00A0C91BC942}") = "Intro to Programming P2", "Intro to Programming P2\Intro to Programming P2.vcxproj", "{4332B9C4-711C-4322-9589-E5DC2781489D}"
EndProject
Project("{8BC9CEB8-8B4A-11D0-8D11-00A0C91BC942}") = "2-Variables", "2-Variables\2-Variables.vcxproj", "{35983C44-803C-46BA-BC0B-1804ACD02ADC}"
EndProject
Project("{8BC9CEB8-8B4A-11D0-8D11-00A0C91BC942}") = "Constants Exercise", "Constants Exercise\Constants Exercise.vcxproj", "{59DE200A-7397-4F31-861E-A8619FB51BA6}"
EndProject
Project("{8BC9CEB8-8B4A-11D0-8D11-00A0C91BC942}") = "Operators Tutorial", "Operators Tutorial\Operators Tutorial.vcxproj", "{C9E040A8-C106-4145-96E6-241BFCF142CB}"
EndProject
Project("{8BC9CEB8-8B4A-11D0-8D11-00A0C91BC942}") = "Conditionals Exercises", "Conditionals Exercises\Conditionals Exercises.vcxproj", "{88E8557C-DE37-4DEA-864A-7B68C099BBD7}"
EndProject
Project("{8BC9CEB8-8B4A-11D0-8D11-00A0C91BC942}") = "Recursive Functions", "Recursive Functions\Recursive Functions.vcxproj", "{39A13E43-2CA8-413C-8F64-A866F6224A6F}"
EndProject
Project("{8BC9CEB8-8B4A-11D0-8D11-00A0C91BC942}") = "Git Branching", "Git Branching\Git Branching.vcxproj", "{3FBEDFD8-E330-4706-8435-0C5693634D06}"
EndProject
Global
	GlobalSection(SolutionConfigurationPlatforms) = preSolution
		Debug|x64 = Debug|x64
		Debug|x86 = Debug|x86
		Release|x64 = Release|x64
		Release|x86 = Release|x86
	EndGlobalSection
	GlobalSection(ProjectConfigurationPlatforms) = postSolution
		{A44C0CB5-A4C4-42A1-9319-E2063FCC25D8}.Debug|x64.ActiveCfg = Debug|x64
		{A44C0CB5-A4C4-42A1-9319-E2063FCC25D8}.Debug|x64.Build.0 = Debug|x64
		{A44C0CB5-A4C4-42A1-9319-E2063FCC25D8}.Debug|x86.ActiveCfg = Debug|Win32
		{A44C0CB5-A4C4-42A1-9319-E2063FCC25D8}.Debug|x86.Build.0 = Debug|Win32
		{A44C0CB5-A4C4-42A1-9319-E2063FCC25D8}.Release|x64.ActiveCfg = Release|x64
		{A44C0CB5-A4C4-42A1-9319-E2063FCC25D8}.Release|x64.Build.0 = Release|x64
		{A44C0CB5-A4C4-42A1-9319-E2063FCC25D8}.Release|x86.ActiveCfg = Release|Win32
		{A44C0CB5-A4C4-42A1-9319-E2063FCC25D8}.Release|x86.Build.0 = Release|Win32
		{4332B9C4-711C-4322-9589-E5DC2781489D}.Debug|x64.ActiveCfg = Debug|x64
		{4332B9C4-711C-4322-9589-E5DC2781489D}.Debug|x64.Build.0 = Debug|x64
		{4332B9C4-711C-4322-9589-E5DC2781489D}.Debug|x86.ActiveCfg = Debug|Win32
		{4332B9C4-711C-4322-9589-E5DC2781489D}.Debug|x86.Build.0 = Debug|Win32
		{4332B9C4-711C-4322-9589-E5DC2781489D}.Release|x64.ActiveCfg = Release|x64
		{4332B9C4-711C-4322-9589-E5DC2781489D}.Release|x64.Build.0 = Release|x64
		{4332B9C4-711C-4322-9589-E5DC2781489D}.Release|x86.ActiveCfg = Release|Win32
		{4332B9C4-711C-4322-9589-E5DC2781489D}.Release|x86.Build.0 = Release|Win32
		{35983C44-803C-46BA-BC0B-1804ACD02ADC}.Debug|x64.ActiveCfg = Debug|x64
		{35983C44-803C-46BA-BC0B-1804ACD02ADC}.Debug|x64.Build.0 = Debug|x64
		{35983C44-803C-46BA-BC0B-1804ACD02ADC}.Debug|x86.ActiveCfg = Debug|Win32
		{35983C44-803C-46BA-BC0B-1804ACD02ADC}.Debug|x86.Build.0 = Debug|Win32
		{35983C44-803C-46BA-BC0B-1804ACD02ADC}.Release|x64.ActiveCfg = Release|x64
		{35983C44-803C-46BA-BC0B-1804ACD02ADC}.Release|x64.Build.0 = Release|x64
		{35983C44-803C-46BA-BC0B-1804ACD02ADC}.Release|x86.ActiveCfg = Release|Win32
		{35983C44-803C-46BA-BC0B-1804ACD02ADC}.Release|x86.Build.0 = Release|Win32
		{59DE200A-7397-4F31-861E-A8619FB51BA6}.Debug|x64.ActiveCfg = Debug|x64
		{59DE200A-7397-4F31-861E-A8619FB51BA6}.Debug|x64.Build.0 = Debug|x64
		{59DE200A-7397-4F31-861E-A8619FB51BA6}.Debug|x86.ActiveCfg = Debug|Win32
		{59DE200A-7397-4F31-861E-A8619FB51BA6}.Debug|x86.Build.0 = Debug|Win32
		{59DE200A-7397-4F31-861E-A8619FB51BA6}.Release|x64.ActiveCfg = Release|x64
		{59DE200A-7397-4F31-861E-A8619FB51BA6}.Release|x64.Build.0 = Release|x64
		{59DE200A-7397-4F31-861E-A8619FB51BA6}.Release|x86.ActiveCfg = Release|Win32
		{59DE200A-7397-4F31-861E-A8619FB51BA6}.Release|x86.Build.0 = Release|Win32
		{C9E040A8-C106-4145-96E6-241BFCF142CB}.Debug|x64.ActiveCfg = Debug|x64
		{C9E040A8-C106-4145-96E6-241BFCF142CB}.Debug|x64.Build.0 = Debug|x64
		{C9E040A8-C106-4145-96E6-241BFCF142CB}.Debug|x86.ActiveCfg = Debug|Win32
		{C9E040A8-C106-4145-96E6-241BFCF142CB}.Debug|x86.Build.0 = Debug|Win32
		{C9E040A8-C106-4145-96E6-241BFCF142CB}.Release|x64.ActiveCfg = Release|x64
		{C9E040A8-C106-4145-96E6-241BFCF142CB}.Release|x64.Build.0 = Release|x64
		{C9E040A8-C106-4145-96E6-241BFCF142CB}.Release|x86.ActiveCfg = Release|Win32
		{C9E040A8-C106-4145-96E6-241BFCF142CB}.Release|x86.Build.0 = Release|Win32
		{88E8557C-DE37-4DEA-864A-7B68C099BBD7}.Debug|x64.ActiveCfg = Debug|x64
		{88E8557C-DE37-4DEA-864A-7B68C099BBD7}.Debug|x64.Build.0 = Debug|x64
		{88E8557C-DE37-4DEA-864A-7B68C099BBD7}.Debug|x86.ActiveCfg = Debug|Win32
		{88E8557C-DE37-4DEA-864A-7B68C099BBD7}.Debug|x86.Build.0 = Debug|Win32
		{88E8557C-DE37-4DEA-864A-7B68C099BBD7}.Release|x64.ActiveCfg = Release|x64
		{88E8557C-DE37-4DEA-864A-7B68C099BBD7}.Release|x64.Build.0 = Release|x64
		{88E8557C-DE37-4DEA-864A-7B68C099BBD7}.Release|x86.ActiveCfg = Release|Win32
		{88E8557C-DE37-4DEA-864A-7B68C099BBD7}.Release|x86.Build.0 = Release|Win32
		{39A13E43-2CA8-413C-8F64-A866F6224A6F}.Debug|x64.ActiveCfg = Debug|x64
		{39A13E43-2CA8-413C-8F64-A866F6224A6F}.Debug|x64.Build.0 = Debug|x64
		{39A13E43-2CA8-413C-8F64-A866F6224A6F}.Debug|x86.ActiveCfg = Debug|Win32
		{39A13E43-2CA8-413C-8F64-A866F6224A6F}.Debug|x86.Build.0 = Debug|Win32
		{39A13E43-2CA8-413C-8F64-A866F6224A6F}.Release|x64.ActiveCfg = Release|x64
		{39A13E43-2CA8-413C-8F64-A866F6224A6F}.Release|x64.Build.0 = Release|x64
		{39A13E43-2CA8-413C-8F64-A866F6224A6F}.Release|x86.ActiveCfg = Release|Win32
		{39A13E43-2CA8-413C-8F64-A866F6224A6F}.Release|x86.Build.0 = Release|Win32
		{3FBEDFD8-E330-4706-8435-0C5693634D06}.Debug|x64.ActiveCfg = Debug|x64
		{3FBEDFD8-E330-4706-8435-0C5693634D06}.Debug|x64.Build.0 = Debug|x64
		{3FBEDFD8-E330-4706-8435-0C5693634D06}.Debug|x86.ActiveCfg = Debug|Win32
		{3FBEDFD8-E330-4706-8435-0C5693634D06}.Debug|x86.Build.0 = Debug|Win32
		{3FBEDFD8-E330-4706-8435-0C5693634D06}.Release|x64.ActiveCfg = Release|x64
		{3FBEDFD8-E330-4706-8435-0C5693634D06}.Release|x64.Build.0 = Release|x64
		{3FBEDFD8-E330-4706-8435-0C5693634D06}.Release|x86.ActiveCfg = Release|Win32
		{3FBEDFD8-E330-4706-8435-0C5693634D06}.Release|x86.Build.0 = Release|Win32
	EndGlobalSection
	GlobalSection(SolutionProperties) = preSolution
		HideSolutionNode = FALSE
	EndGlobalSection
EndGlobal
